
Microsoft Visual Studio Solution File, Format Version 12.00
# Visual Studio Version 17
VisualStudioVersion = 17.6.33712.159
MinimumVisualStudioVersion = 10.0.40219.1
Project("{2150E333-8FDC-42A3-9474-1A3956D46DE8}") = "ms.users", "ms.users", "{20C00679-2249-4666-BA7F-BFB7A2ACAB24}"
EndProject
Project("{2150E333-8FDC-42A3-9474-1A3956D46DE8}") = "ms.employees", "ms.employees", "{5688FC2D-47CD-4CF3-8E31-D6986A8043F3}"
EndProject
Project("{9A19103F-16F7-4668-BE54-9A1E7A4F7556}") = "ms.employees.api", "ms.employees\ms.employees.api\ms.employees.api.csproj", "{B975B86F-50F2-445D-AA58-ED1FE4504FD7}"
EndProject
Project("{9A19103F-16F7-4668-BE54-9A1E7A4F7556}") = "ms.employees.application", "ms.employees\ms.employees.application\ms.employees.application.csproj", "{71C74DE3-6E7F-40E5-A62D-362DE368E1C2}"
EndProject
Project("{9A19103F-16F7-4668-BE54-9A1E7A4F7556}") = "ms.employees.domain", "ms.employees\ms.employees.domain\ms.employees.domain.csproj", "{ABD3F81D-624D-4204-9589-B1B5DEFF3034}"
EndProject
Project("{9A19103F-16F7-4668-BE54-9A1E7A4F7556}") = "ms.employees.infraestucture", "ms.employees\ms.employees.infraestucture\ms.employees.infraestucture.csproj", "{4C5858E4-0332-41C7-93D7-D40659A69EEF}"
EndProject
Project("{9A19103F-16F7-4668-BE54-9A1E7A4F7556}") = "ms.users.api", "ms.users\ms.users.api\ms.users.api.csproj", "{0AC833D5-9D51-49DF-803A-3F60C805A67A}"
EndProject
Project("{9A19103F-16F7-4668-BE54-9A1E7A4F7556}") = "ms.users.application", "ms.users\ms.users.application\ms.users.application.csproj", "{DD81514F-7A40-48EF-8C60-875D28E6A205}"
EndProject
Project("{9A19103F-16F7-4668-BE54-9A1E7A4F7556}") = "ms.users.domain", "ms.users\ms.users.domain\ms.users.domain.csproj", "{67DE4032-2E38-4680-846E-CE660CFDFB3C}"
EndProject
Project("{9A19103F-16F7-4668-BE54-9A1E7A4F7556}") = "ms.users.infraestructure", "ms.users\ms.users.infraestructure\ms.users.infraestructure.csproj", "{87FF098F-3B96-4578-AB73-578DE626E464}"
EndProject
Project("{E53339B2-1760-4266-BCC7-CA923CBCF16C}") = "docker-compose", "docker-compose.dcproj", "{650774B5-8828-4E54-AE48-5D7776DA85C2}"
EndProject
Project("{2150E333-8FDC-42A3-9474-1A3956D46DE8}") = "ms-attendances", "ms-attendances", "{4DDC642A-C521-4204-BD5F-0C96E0959C06}"
EndProject
Project("{9A19103F-16F7-4668-BE54-9A1E7A4F7556}") = "ms.attendances.api", "ms.attendances\ms.attendances.api\ms.attendances.api.csproj", "{A6A81F8D-6543-4B43-9A48-36656F020CC8}"
EndProject
Project("{9A19103F-16F7-4668-BE54-9A1E7A4F7556}") = "ms.attendances.application", "ms.attendances\ms.attendances.application\ms.attendances.application.csproj", "{F2A7409E-A43D-4094-84FD-4E53AEA58137}"
EndProject
Project("{9A19103F-16F7-4668-BE54-9A1E7A4F7556}") = "ms.attendances.domain", "ms.attendances\ms.attendances.domain\ms.attendances.domain.csproj", "{DCED85E5-7264-48F2-AC52-69D58B441E06}"
EndProject
Project("{FAE04EC0-301F-11D3-BF4B-00C04F79EFBC}") = "ms.attendances.infraestucture", "ms.attendances\ms.attendances.infraestucture\ms.attendances.infraestucture.csproj", "{5A20930E-C7B2-4C81-AD7B-06BA1E914E85}"
EndProject
Global
	GlobalSection(SolutionConfigurationPlatforms) = preSolution
		Debug|Any CPU = Debug|Any CPU
		Release|Any CPU = Release|Any CPU
	EndGlobalSection
	GlobalSection(ProjectConfigurationPlatforms) = postSolution
		{B975B86F-50F2-445D-AA58-ED1FE4504FD7}.Debug|Any CPU.ActiveCfg = Debug|Any CPU
		{B975B86F-50F2-445D-AA58-ED1FE4504FD7}.Debug|Any CPU.Build.0 = Debug|Any CPU
		{B975B86F-50F2-445D-AA58-ED1FE4504FD7}.Release|Any CPU.ActiveCfg = Release|Any CPU
		{B975B86F-50F2-445D-AA58-ED1FE4504FD7}.Release|Any CPU.Build.0 = Release|Any CPU
		{71C74DE3-6E7F-40E5-A62D-362DE368E1C2}.Debug|Any CPU.ActiveCfg = Debug|Any CPU
		{71C74DE3-6E7F-40E5-A62D-362DE368E1C2}.Debug|Any CPU.Build.0 = Debug|Any CPU
		{71C74DE3-6E7F-40E5-A62D-362DE368E1C2}.Release|Any CPU.ActiveCfg = Release|Any CPU
		{71C74DE3-6E7F-40E5-A62D-362DE368E1C2}.Release|Any CPU.Build.0 = Release|Any CPU
		{ABD3F81D-624D-4204-9589-B1B5DEFF3034}.Debug|Any CPU.ActiveCfg = Debug|Any CPU
		{ABD3F81D-624D-4204-9589-B1B5DEFF3034}.Debug|Any CPU.Build.0 = Debug|Any CPU
		{ABD3F81D-624D-4204-9589-B1B5DEFF3034}.Release|Any CPU.ActiveCfg = Release|Any CPU
		{ABD3F81D-624D-4204-9589-B1B5DEFF3034}.Release|Any CPU.Build.0 = Release|Any CPU
		{4C5858E4-0332-41C7-93D7-D40659A69EEF}.Debug|Any CPU.ActiveCfg = Debug|Any CPU
		{4C5858E4-0332-41C7-93D7-D40659A69EEF}.Debug|Any CPU.Build.0 = Debug|Any CPU
		{4C5858E4-0332-41C7-93D7-D40659A69EEF}.Release|Any CPU.ActiveCfg = Release|Any CPU
		{4C5858E4-0332-41C7-93D7-D40659A69EEF}.Release|Any CPU.Build.0 = Release|Any CPU
		{0AC833D5-9D51-49DF-803A-3F60C805A67A}.Debug|Any CPU.ActiveCfg = Debug|Any CPU
		{0AC833D5-9D51-49DF-803A-3F60C805A67A}.Debug|Any CPU.Build.0 = Debug|Any CPU
		{0AC833D5-9D51-49DF-803A-3F60C805A67A}.Release|Any CPU.ActiveCfg = Release|Any CPU
		{0AC833D5-9D51-49DF-803A-3F60C805A67A}.Release|Any CPU.Build.0 = Release|Any CPU
		{DD81514F-7A40-48EF-8C60-875D28E6A205}.Debug|Any CPU.ActiveCfg = Debug|Any CPU
		{DD81514F-7A40-48EF-8C60-875D28E6A205}.Debug|Any CPU.Build.0 = Debug|Any CPU
		{DD81514F-7A40-48EF-8C60-875D28E6A205}.Release|Any CPU.ActiveCfg = Release|Any CPU
		{DD81514F-7A40-48EF-8C60-875D28E6A205}.Release|Any CPU.Build.0 = Release|Any CPU
		{67DE4032-2E38-4680-846E-CE660CFDFB3C}.Debug|Any CPU.ActiveCfg = Debug|Any CPU
		{67DE4032-2E38-4680-846E-CE660CFDFB3C}.Debug|Any CPU.Build.0 = Debug|Any CPU
		{67DE4032-2E38-4680-846E-CE660CFDFB3C}.Release|Any CPU.ActiveCfg = Release|Any CPU
		{67DE4032-2E38-4680-846E-CE660CFDFB3C}.Release|Any CPU.Build.0 = Release|Any CPU
		{87FF098F-3B96-4578-AB73-578DE626E464}.Debug|Any CPU.ActiveCfg = Debug|Any CPU
		{87FF098F-3B96-4578-AB73-578DE626E464}.Debug|Any CPU.Build.0 = Debug|Any CPU
		{87FF098F-3B96-4578-AB73-578DE626E464}.Release|Any CPU.ActiveCfg = Release|Any CPU
		{87FF098F-3B96-4578-AB73-578DE626E464}.Release|Any CPU.Build.0 = Release|Any CPU
		{650774B5-8828-4E54-AE48-5D7776DA85C2}.Debug|Any CPU.ActiveCfg = Debug|Any CPU
		{650774B5-8828-4E54-AE48-5D7776DA85C2}.Debug|Any CPU.Build.0 = Debug|Any CPU
		{650774B5-8828-4E54-AE48-5D7776DA85C2}.Release|Any CPU.ActiveCfg = Release|Any CPU
		{650774B5-8828-4E54-AE48-5D7776DA85C2}.Release|Any CPU.Build.0 = Release|Any CPU
		{A6A81F8D-6543-4B43-9A48-36656F020CC8}.Debug|Any CPU.ActiveCfg = Debug|Any CPU
		{A6A81F8D-6543-4B43-9A48-36656F020CC8}.Debug|Any CPU.Build.0 = Debug|Any CPU
		{A6A81F8D-6543-4B43-9A48-36656F020CC8}.Release|Any CPU.ActiveCfg = Release|Any CPU
		{A6A81F8D-6543-4B43-9A48-36656F020CC8}.Release|Any CPU.Build.0 = Release|Any CPU
		{F2A7409E-A43D-4094-84FD-4E53AEA58137}.Debug|Any CPU.ActiveCfg = Debug|Any CPU
		{F2A7409E-A43D-4094-84FD-4E53AEA58137}.Debug|Any CPU.Build.0 = Debug|Any CPU
		{F2A7409E-A43D-4094-84FD-4E53AEA58137}.Release|Any CPU.ActiveCfg = Release|Any CPU
		{F2A7409E-A43D-4094-84FD-4E53AEA58137}.Release|Any CPU.Build.0 = Release|Any CPU
		{DCED85E5-7264-48F2-AC52-69D58B441E06}.Debug|Any CPU.ActiveCfg = Debug|Any CPU
		{DCED85E5-7264-48F2-AC52-69D58B441E06}.Debug|Any CPU.Build.0 = Debug|Any CPU
		{DCED85E5-7264-48F2-AC52-69D58B441E06}.Release|Any CPU.ActiveCfg = Release|Any CPU
		{DCED85E5-7264-48F2-AC52-69D58B441E06}.Release|Any CPU.Build.0 = Release|Any CPU
		{5A20930E-C7B2-4C81-AD7B-06BA1E914E85}.Debug|Any CPU.ActiveCfg = Debug|Any CPU
		{5A20930E-C7B2-4C81-AD7B-06BA1E914E85}.Debug|Any CPU.Build.0 = Debug|Any CPU
		{5A20930E-C7B2-4C81-AD7B-06BA1E914E85}.Release|Any CPU.ActiveCfg = Release|Any CPU
		{5A20930E-C7B2-4C81-AD7B-06BA1E914E85}.Release|Any CPU.Build.0 = Release|Any CPU
	EndGlobalSection
	GlobalSection(SolutionProperties) = preSolution
		HideSolutionNode = FALSE
	EndGlobalSection
	GlobalSection(NestedProjects) = preSolution
		{B975B86F-50F2-445D-AA58-ED1FE4504FD7} = {5688FC2D-47CD-4CF3-8E31-D6986A8043F3}
		{71C74DE3-6E7F-40E5-A62D-362DE368E1C2} = {5688FC2D-47CD-4CF3-8E31-D6986A8043F3}
		{ABD3F81D-624D-4204-9589-B1B5DEFF3034} = {5688FC2D-47CD-4CF3-8E31-D6986A8043F3}
		{4C5858E4-0332-41C7-93D7-D40659A69EEF} = {5688FC2D-47CD-4CF3-8E31-D6986A8043F3}
		{0AC833D5-9D51-49DF-803A-3F60C805A67A} = {20C00679-2249-4666-BA7F-BFB7A2ACAB24}
		{DD81514F-7A40-48EF-8C60-875D28E6A205} = {20C00679-2249-4666-BA7F-BFB7A2ACAB24}
		{67DE4032-2E38-4680-846E-CE660CFDFB3C} = {20C00679-2249-4666-BA7F-BFB7A2ACAB24}
		{87FF098F-3B96-4578-AB73-578DE626E464} = {20C00679-2249-4666-BA7F-BFB7A2ACAB24}
		{A6A81F8D-6543-4B43-9A48-36656F020CC8} = {4DDC642A-C521-4204-BD5F-0C96E0959C06}
		{F2A7409E-A43D-4094-84FD-4E53AEA58137} = {4DDC642A-C521-4204-BD5F-0C96E0959C06}
		{DCED85E5-7264-48F2-AC52-69D58B441E06} = {4DDC642A-C521-4204-BD5F-0C96E0959C06}
		{5A20930E-C7B2-4C81-AD7B-06BA1E914E85} = {4DDC642A-C521-4204-BD5F-0C96E0959C06}
	EndGlobalSection
	GlobalSection(ExtensibilityGlobals) = postSolution
		SolutionGuid = {BF64BB30-14F1-40F0-B6C2-EA9D7522CA59}
	EndGlobalSection
EndGlobal
